// !$*UTF8*$!
{
	archiveVersion = 1;
	classes = {
	};
	objectVersion = 55;
	objects = {

/* Begin PBXBuildFile section */
		901FD3972829CFCC006B48EC /* Photo.swift in Sources */ = {isa = PBXBuildFile; fileRef = 901FD3962829CFCC006B48EC /* Photo.swift */; };
		901FD3992829D10B006B48EC /* CoreDataManager.swift in Sources */ = {isa = PBXBuildFile; fileRef = 901FD3982829D10B006B48EC /* CoreDataManager.swift */; };
		901FD39D2829DC41006B48EC /* UIImageTransformer.swift in Sources */ = {isa = PBXBuildFile; fileRef = 901FD39C2829DC41006B48EC /* UIImageTransformer.swift */; };
		901FD39F2829FBD8006B48EC /* PhotoViewModel.swift in Sources */ = {isa = PBXBuildFile; fileRef = 901FD39E2829FBD8006B48EC /* PhotoViewModel.swift */; };
		901FD3A4282B3514006B48EC /* DocumentPickerViewModel.swift in Sources */ = {isa = PBXBuildFile; fileRef = 901FD3A3282B3514006B48EC /* DocumentPickerViewModel.swift */; };
		90569B232832EB59009A121E /* PhotoPickerViewModel.swift in Sources */ = {isa = PBXBuildFile; fileRef = 90569B222832EB59009A121E /* PhotoPickerViewModel.swift */; };
		90756CBB28C80216003376AE /* PlaybackModel.swift in Sources */ = {isa = PBXBuildFile; fileRef = 90756CBA28C80216003376AE /* PlaybackModel.swift */; };
		90756CBD28C83E32003376AE /* LibraryEditView.swift in Sources */ = {isa = PBXBuildFile; fileRef = 90756CBC28C83E32003376AE /* LibraryEditView.swift */; };
		9088F5032829A0BD001B7D39 /* LiterateApp.swift in Sources */ = {isa = PBXBuildFile; fileRef = 9088F5022829A0BD001B7D39 /* LiterateApp.swift */; };
		9088F5072829A0C2001B7D39 /* Assets.xcassets in Resources */ = {isa = PBXBuildFile; fileRef = 9088F5062829A0C2001B7D39 /* Assets.xcassets */; };
		9088F50A2829A0C2001B7D39 /* Preview Assets.xcassets in Resources */ = {isa = PBXBuildFile; fileRef = 9088F5092829A0C2001B7D39 /* Preview Assets.xcassets */; };
		9088F5142829A0C3001B7D39 /* LiterateTests.swift in Sources */ = {isa = PBXBuildFile; fileRef = 9088F5132829A0C3001B7D39 /* LiterateTests.swift */; };
		9088F51E2829A0C3001B7D39 /* LiterateUITests.swift in Sources */ = {isa = PBXBuildFile; fileRef = 9088F51D2829A0C3001B7D39 /* LiterateUITests.swift */; };
		9088F5202829A0C3001B7D39 /* LiterateUITestsLaunchTests.swift in Sources */ = {isa = PBXBuildFile; fileRef = 9088F51F2829A0C3001B7D39 /* LiterateUITestsLaunchTests.swift */; };
		9088F52F2829A391001B7D39 /* HomeView.swift in Sources */ = {isa = PBXBuildFile; fileRef = 9088F52E2829A391001B7D39 /* HomeView.swift */; };
		9088F5312829A3A2001B7D39 /* AddBookView.swift in Sources */ = {isa = PBXBuildFile; fileRef = 9088F5302829A3A2001B7D39 /* AddBookView.swift */; };
		9088F5332829A405001B7D39 /* GeneralView.swift in Sources */ = {isa = PBXBuildFile; fileRef = 9088F5322829A405001B7D39 /* GeneralView.swift */; };
		9088F5362829A63F001B7D39 /* CameraViewModel.swift in Sources */ = {isa = PBXBuildFile; fileRef = 9088F5352829A63F001B7D39 /* CameraViewModel.swift */; };
		908B08FB2876954F000D914C /* TextRecognitionViewModel.swift in Sources */ = {isa = PBXBuildFile; fileRef = 908B08FA2876954F000D914C /* TextRecognitionViewModel.swift */; };
		9094172C28C0230700FE30EA /* CoreDataModel.xcdatamodeld in Sources */ = {isa = PBXBuildFile; fileRef = 9094172A28C0230700FE30EA /* CoreDataModel.xcdatamodeld */; };
		9094172E28C1025500FE30EA /* Book.swift in Sources */ = {isa = PBXBuildFile; fileRef = 9094172D28C1025500FE30EA /* Book.swift */; };
		9094173028C10D2000FE30EA /* PlaybackView.swift in Sources */ = {isa = PBXBuildFile; fileRef = 9094172F28C10D2000FE30EA /* PlaybackView.swift */; };
		9094173228C1130F00FE30EA /* LibraryView.swift in Sources */ = {isa = PBXBuildFile; fileRef = 9094173128C1130F00FE30EA /* LibraryView.swift */; };
		9094173528C2B15600FE30EA /* LibraryModel.swift in Sources */ = {isa = PBXBuildFile; fileRef = 9094173428C2B15600FE30EA /* LibraryModel.swift */; };
		90E340C328BEEF97009DDC07 /* FinalizeBookViewModel.swift in Sources */ = {isa = PBXBuildFile; fileRef = 90E340C228BEEF97009DDC07 /* FinalizeBookViewModel.swift */; };
/* End PBXBuildFile section */

/* Begin PBXContainerItemProxy section */
		9088F5102829A0C3001B7D39 /* PBXContainerItemProxy */ = {
			isa = PBXContainerItemProxy;
			containerPortal = 9088F4F72829A0BC001B7D39 /* Project object */;
			proxyType = 1;
			remoteGlobalIDString = 9088F4FE2829A0BD001B7D39;
			remoteInfo = Literate;
		};
		9088F51A2829A0C3001B7D39 /* PBXContainerItemProxy */ = {
			isa = PBXContainerItemProxy;
			containerPortal = 9088F4F72829A0BC001B7D39 /* Project object */;
			proxyType = 1;
			remoteGlobalIDString = 9088F4FE2829A0BD001B7D39;
			remoteInfo = Literate;
		};
/* End PBXContainerItemProxy section */

/* Begin PBXFileReference section */
		901FD3962829CFCC006B48EC /* Photo.swift */ = {isa = PBXFileReference; lastKnownFileType = sourcecode.swift; path = Photo.swift; sourceTree = "<group>"; };
		901FD3982829D10B006B48EC /* CoreDataManager.swift */ = {isa = PBXFileReference; lastKnownFileType = sourcecode.swift; path = CoreDataManager.swift; sourceTree = "<group>"; };
		901FD39C2829DC41006B48EC /* UIImageTransformer.swift */ = {isa = PBXFileReference; lastKnownFileType = sourcecode.swift; path = UIImageTransformer.swift; sourceTree = "<group>"; };
		901FD39E2829FBD8006B48EC /* PhotoViewModel.swift */ = {isa = PBXFileReference; lastKnownFileType = sourcecode.swift; path = PhotoViewModel.swift; sourceTree = "<group>"; };
		901FD3A3282B3514006B48EC /* DocumentPickerViewModel.swift */ = {isa = PBXFileReference; lastKnownFileType = sourcecode.swift; path = DocumentPickerViewModel.swift; sourceTree = "<group>"; };
		90569B222832EB59009A121E /* PhotoPickerViewModel.swift */ = {isa = PBXFileReference; lastKnownFileType = sourcecode.swift; path = PhotoPickerViewModel.swift; sourceTree = "<group>"; };
		90756CBA28C80216003376AE /* PlaybackModel.swift */ = {isa = PBXFileReference; lastKnownFileType = sourcecode.swift; path = PlaybackModel.swift; sourceTree = "<group>"; };
		90756CBC28C83E32003376AE /* LibraryEditView.swift */ = {isa = PBXFileReference; lastKnownFileType = sourcecode.swift; path = LibraryEditView.swift; sourceTree = "<group>"; };
		9088F4FF2829A0BD001B7D39 /* Literate.app */ = {isa = PBXFileReference; explicitFileType = wrapper.application; includeInIndex = 0; path = Literate.app; sourceTree = BUILT_PRODUCTS_DIR; };
		9088F5022829A0BD001B7D39 /* LiterateApp.swift */ = {isa = PBXFileReference; lastKnownFileType = sourcecode.swift; path = LiterateApp.swift; sourceTree = "<group>"; };
		9088F5062829A0C2001B7D39 /* Assets.xcassets */ = {isa = PBXFileReference; lastKnownFileType = folder.assetcatalog; path = Assets.xcassets; sourceTree = "<group>"; };
		9088F5092829A0C2001B7D39 /* Preview Assets.xcassets */ = {isa = PBXFileReference; lastKnownFileType = folder.assetcatalog; path = "Preview Assets.xcassets"; sourceTree = "<group>"; };
		9088F50F2829A0C3001B7D39 /* LiterateTests.xctest */ = {isa = PBXFileReference; explicitFileType = wrapper.cfbundle; includeInIndex = 0; path = LiterateTests.xctest; sourceTree = BUILT_PRODUCTS_DIR; };
		9088F5132829A0C3001B7D39 /* LiterateTests.swift */ = {isa = PBXFileReference; lastKnownFileType = sourcecode.swift; path = LiterateTests.swift; sourceTree = "<group>"; };
		9088F5192829A0C3001B7D39 /* LiterateUITests.xctest */ = {isa = PBXFileReference; explicitFileType = wrapper.cfbundle; includeInIndex = 0; path = LiterateUITests.xctest; sourceTree = BUILT_PRODUCTS_DIR; };
		9088F51D2829A0C3001B7D39 /* LiterateUITests.swift */ = {isa = PBXFileReference; lastKnownFileType = sourcecode.swift; path = LiterateUITests.swift; sourceTree = "<group>"; };
		9088F51F2829A0C3001B7D39 /* LiterateUITestsLaunchTests.swift */ = {isa = PBXFileReference; lastKnownFileType = sourcecode.swift; path = LiterateUITestsLaunchTests.swift; sourceTree = "<group>"; };
		9088F52E2829A391001B7D39 /* HomeView.swift */ = {isa = PBXFileReference; lastKnownFileType = sourcecode.swift; path = HomeView.swift; sourceTree = "<group>"; };
		9088F5302829A3A2001B7D39 /* AddBookView.swift */ = {isa = PBXFileReference; lastKnownFileType = sourcecode.swift; path = AddBookView.swift; sourceTree = "<group>"; };
		9088F5322829A405001B7D39 /* GeneralView.swift */ = {isa = PBXFileReference; lastKnownFileType = sourcecode.swift; path = GeneralView.swift; sourceTree = "<group>"; };
		9088F5352829A63F001B7D39 /* CameraViewModel.swift */ = {isa = PBXFileReference; lastKnownFileType = sourcecode.swift; path = CameraViewModel.swift; sourceTree = "<group>"; };
		9088F5372829AA26001B7D39 /* Info.plist */ = {isa = PBXFileReference; lastKnownFileType = text.plist.xml; path = Info.plist; sourceTree = "<group>"; };
		908B08FA2876954F000D914C /* TextRecognitionViewModel.swift */ = {isa = PBXFileReference; lastKnownFileType = sourcecode.swift; path = TextRecognitionViewModel.swift; sourceTree = "<group>"; };
		9094172B28C0230700FE30EA /* CoreDataModel.xcdatamodel */ = {isa = PBXFileReference; lastKnownFileType = wrapper.xcdatamodel; path = CoreDataModel.xcdatamodel; sourceTree = "<group>"; };
		9094172D28C1025500FE30EA /* Book.swift */ = {isa = PBXFileReference; lastKnownFileType = sourcecode.swift; path = Book.swift; sourceTree = "<group>"; };
		9094172F28C10D2000FE30EA /* PlaybackView.swift */ = {isa = PBXFileReference; lastKnownFileType = sourcecode.swift; path = PlaybackView.swift; sourceTree = "<group>"; };
		9094173128C1130F00FE30EA /* LibraryView.swift */ = {isa = PBXFileReference; lastKnownFileType = sourcecode.swift; path = LibraryView.swift; sourceTree = "<group>"; };
		9094173428C2B15600FE30EA /* LibraryModel.swift */ = {isa = PBXFileReference; lastKnownFileType = sourcecode.swift; path = LibraryModel.swift; sourceTree = "<group>"; };
		90E340C228BEEF97009DDC07 /* FinalizeBookViewModel.swift */ = {isa = PBXFileReference; lastKnownFileType = sourcecode.swift; path = FinalizeBookViewModel.swift; sourceTree = "<group>"; };
/* End PBXFileReference section */

/* Begin PBXFrameworksBuildPhase section */
		9088F4FC2829A0BD001B7D39 /* Frameworks */ = {
			isa = PBXFrameworksBuildPhase;
			buildActionMask = 2147483647;
			files = (
			);
			runOnlyForDeploymentPostprocessing = 0;
		};
		9088F50C2829A0C3001B7D39 /* Frameworks */ = {
			isa = PBXFrameworksBuildPhase;
			buildActionMask = 2147483647;
			files = (
			);
			runOnlyForDeploymentPostprocessing = 0;
		};
		9088F5162829A0C3001B7D39 /* Frameworks */ = {
			isa = PBXFrameworksBuildPhase;
			buildActionMask = 2147483647;
			files = (
			);
			runOnlyForDeploymentPostprocessing = 0;
		};
/* End PBXFrameworksBuildPhase section */

/* Begin PBXGroup section */
		90756CB928C7EC40003376AE /* PlaybackView */ = {
			isa = PBXGroup;
			children = (
				9094172F28C10D2000FE30EA /* PlaybackView.swift */,
			);
			path = PlaybackView;
			sourceTree = "<group>";
		};
		9088F4F62829A0BC001B7D39 = {
			isa = PBXGroup;
			children = (
				9088F5012829A0BD001B7D39 /* Literate */,
				9088F5122829A0C3001B7D39 /* LiterateTests */,
				9088F51C2829A0C3001B7D39 /* LiterateUITests */,
				9088F5002829A0BD001B7D39 /* Products */,
			);
			sourceTree = "<group>";
		};
		9088F5002829A0BD001B7D39 /* Products */ = {
			isa = PBXGroup;
			children = (
				9088F4FF2829A0BD001B7D39 /* Literate.app */,
				9088F50F2829A0C3001B7D39 /* LiterateTests.xctest */,
				9088F5192829A0C3001B7D39 /* LiterateUITests.xctest */,
			);
			name = Products;
			sourceTree = "<group>";
		};
		9088F5012829A0BD001B7D39 /* Literate */ = {
			isa = PBXGroup;
			children = (
				9088F5022829A0BD001B7D39 /* LiterateApp.swift */,
				9088F52C2829A235001B7D39 /* Views */,
				9088F52D2829A24B001B7D39 /* Model */,
				9088F5082829A0C2001B7D39 /* Preview Content */,
				9088F5372829AA26001B7D39 /* Info.plist */,
			);
			path = Literate;
			sourceTree = "<group>";
		};
		9088F5082829A0C2001B7D39 /* Preview Content */ = {
			isa = PBXGroup;
			children = (
				9088F5092829A0C2001B7D39 /* Preview Assets.xcassets */,
			);
			path = "Preview Content";
			sourceTree = "<group>";
		};
		9088F5122829A0C3001B7D39 /* LiterateTests */ = {
			isa = PBXGroup;
			children = (
				9088F5132829A0C3001B7D39 /* LiterateTests.swift */,
			);
			path = LiterateTests;
			sourceTree = "<group>";
		};
		9088F51C2829A0C3001B7D39 /* LiterateUITests */ = {
			isa = PBXGroup;
			children = (
				9088F51D2829A0C3001B7D39 /* LiterateUITests.swift */,
				9088F51F2829A0C3001B7D39 /* LiterateUITestsLaunchTests.swift */,
			);
			path = LiterateUITests;
			sourceTree = "<group>";
		};
		9088F52C2829A235001B7D39 /* Views */ = {
			isa = PBXGroup;
			children = (
				9088F5342829A5C3001B7D39 /* AddBookView */,
				9088F52E2829A391001B7D39 /* HomeView.swift */,
				9094173328C2AEF800FE30EA /* LibraryView */,
				90756CB928C7EC40003376AE /* PlaybackView */,
				9088F5322829A405001B7D39 /* GeneralView.swift */,
				9088F5062829A0C2001B7D39 /* Assets.xcassets */,
			);
			path = Views;
			sourceTree = "<group>";
		};
		9088F52D2829A24B001B7D39 /* Model */ = {
			isa = PBXGroup;
			children = (
				9094173428C2B15600FE30EA /* LibraryModel.swift */,
				90756CBA28C80216003376AE /* PlaybackModel.swift */,
				901FD3962829CFCC006B48EC /* Photo.swift */,
				9094172D28C1025500FE30EA /* Book.swift */,
				901FD3982829D10B006B48EC /* CoreDataManager.swift */,
				901FD39C2829DC41006B48EC /* UIImageTransformer.swift */,
				9094172A28C0230700FE30EA /* CoreDataModel.xcdatamodeld */,
			);
			path = Model;
			sourceTree = "<group>";
		};
		9088F5342829A5C3001B7D39 /* AddBookView */ = {
			isa = PBXGroup;
			children = (
				9088F5302829A3A2001B7D39 /* AddBookView.swift */,
				9088F5352829A63F001B7D39 /* CameraViewModel.swift */,
				901FD39E2829FBD8006B48EC /* PhotoViewModel.swift */,
				901FD3A3282B3514006B48EC /* DocumentPickerViewModel.swift */,
				90569B222832EB59009A121E /* PhotoPickerViewModel.swift */,
				908B08FA2876954F000D914C /* TextRecognitionViewModel.swift */,
				90E340C228BEEF97009DDC07 /* FinalizeBookViewModel.swift */,
			);
			path = AddBookView;
			sourceTree = "<group>";
		};
		9094173328C2AEF800FE30EA /* LibraryView */ = {
			isa = PBXGroup;
			children = (
				9094173128C1130F00FE30EA /* LibraryView.swift */,
				90756CBC28C83E32003376AE /* LibraryEditView.swift */,
			);
			path = LibraryView;
			sourceTree = "<group>";
		};
/* End PBXGroup section */

/* Begin PBXNativeTarget section */
		9088F4FE2829A0BD001B7D39 /* Literate */ = {
			isa = PBXNativeTarget;
			buildConfigurationList = 9088F5232829A0C3001B7D39 /* Build configuration list for PBXNativeTarget "Literate" */;
			buildPhases = (
				9088F4FB2829A0BD001B7D39 /* Sources */,
				9088F4FC2829A0BD001B7D39 /* Frameworks */,
				9088F4FD2829A0BD001B7D39 /* Resources */,
			);
			buildRules = (
			);
			dependencies = (
			);
			name = Literate;
			productName = Literate;
			productReference = 9088F4FF2829A0BD001B7D39 /* Literate.app */;
			productType = "com.apple.product-type.application";
		};
		9088F50E2829A0C3001B7D39 /* LiterateTests */ = {
			isa = PBXNativeTarget;
			buildConfigurationList = 9088F5262829A0C3001B7D39 /* Build configuration list for PBXNativeTarget "LiterateTests" */;
			buildPhases = (
				9088F50B2829A0C3001B7D39 /* Sources */,
				9088F50C2829A0C3001B7D39 /* Frameworks */,
				9088F50D2829A0C3001B7D39 /* Resources */,
			);
			buildRules = (
			);
			dependencies = (
				9088F5112829A0C3001B7D39 /* PBXTargetDependency */,
			);
			name = LiterateTests;
			productName = LiterateTests;
			productReference = 9088F50F2829A0C3001B7D39 /* LiterateTests.xctest */;
			productType = "com.apple.product-type.bundle.unit-test";
		};
		9088F5182829A0C3001B7D39 /* LiterateUITests */ = {
			isa = PBXNativeTarget;
			buildConfigurationList = 9088F5292829A0C3001B7D39 /* Build configuration list for PBXNativeTarget "LiterateUITests" */;
			buildPhases = (
				9088F5152829A0C3001B7D39 /* Sources */,
				9088F5162829A0C3001B7D39 /* Frameworks */,
				9088F5172829A0C3001B7D39 /* Resources */,
			);
			buildRules = (
			);
			dependencies = (
				9088F51B2829A0C3001B7D39 /* PBXTargetDependency */,
			);
			name = LiterateUITests;
			productName = LiterateUITests;
			productReference = 9088F5192829A0C3001B7D39 /* LiterateUITests.xctest */;
			productType = "com.apple.product-type.bundle.ui-testing";
		};
/* End PBXNativeTarget section */

/* Begin PBXProject section */
		9088F4F72829A0BC001B7D39 /* Project object */ = {
			isa = PBXProject;
			attributes = {
				BuildIndependentTargetsInParallel = 1;
				LastSwiftUpdateCheck = 1330;
				LastUpgradeCheck = 1330;
				TargetAttributes = {
					9088F4FE2829A0BD001B7D39 = {
						CreatedOnToolsVersion = 13.3.1;
					};
					9088F50E2829A0C3001B7D39 = {
						CreatedOnToolsVersion = 13.3.1;
						TestTargetID = 9088F4FE2829A0BD001B7D39;
					};
					9088F5182829A0C3001B7D39 = {
						CreatedOnToolsVersion = 13.3.1;
						TestTargetID = 9088F4FE2829A0BD001B7D39;
					};
				};
			};
			buildConfigurationList = 9088F4FA2829A0BC001B7D39 /* Build configuration list for PBXProject "Literate" */;
			compatibilityVersion = "Xcode 13.0";
			developmentRegion = en;
			hasScannedForEncodings = 0;
			knownRegions = (
				en,
				Base,
			);
			mainGroup = 9088F4F62829A0BC001B7D39;
			productRefGroup = 9088F5002829A0BD001B7D39 /* Products */;
			projectDirPath = "";
			projectRoot = "";
			targets = (
				9088F4FE2829A0BD001B7D39 /* Literate */,
				9088F50E2829A0C3001B7D39 /* LiterateTests */,
				9088F5182829A0C3001B7D39 /* LiterateUITests */,
			);
		};
/* End PBXProject section */

/* Begin PBXResourcesBuildPhase section */
		9088F4FD2829A0BD001B7D39 /* Resources */ = {
			isa = PBXResourcesBuildPhase;
			buildActionMask = 2147483647;
			files = (
				9088F50A2829A0C2001B7D39 /* Preview Assets.xcassets in Resources */,
				9088F5072829A0C2001B7D39 /* Assets.xcassets in Resources */,
			);
			runOnlyForDeploymentPostprocessing = 0;
		};
		9088F50D2829A0C3001B7D39 /* Resources */ = {
			isa = PBXResourcesBuildPhase;
			buildActionMask = 2147483647;
			files = (
			);
			runOnlyForDeploymentPostprocessing = 0;
		};
		9088F5172829A0C3001B7D39 /* Resources */ = {
			isa = PBXResourcesBuildPhase;
			buildActionMask = 2147483647;
			files = (
			);
			runOnlyForDeploymentPostprocessing = 0;
		};
/* End PBXResourcesBuildPhase section */

/* Begin PBXSourcesBuildPhase section */
		9088F4FB2829A0BD001B7D39 /* Sources */ = {
			isa = PBXSourcesBuildPhase;
			buildActionMask = 2147483647;
			files = (
				90756CBB28C80216003376AE /* PlaybackModel.swift in Sources */,
				90E340C328BEEF97009DDC07 /* FinalizeBookViewModel.swift in Sources */,
				90756CBD28C83E32003376AE /* LibraryEditView.swift in Sources */,
				901FD3972829CFCC006B48EC /* Photo.swift in Sources */,
				908B08FB2876954F000D914C /* TextRecognitionViewModel.swift in Sources */,
				901FD39D2829DC41006B48EC /* UIImageTransformer.swift in Sources */,
				901FD3A4282B3514006B48EC /* DocumentPickerViewModel.swift in Sources */,
				9088F5032829A0BD001B7D39 /* LiterateApp.swift in Sources */,
				90569B232832EB59009A121E /* PhotoPickerViewModel.swift in Sources */,
				9094173528C2B15600FE30EA /* LibraryModel.swift in Sources */,
				9088F5332829A405001B7D39 /* GeneralView.swift in Sources */,
				9094172E28C1025500FE30EA /* Book.swift in Sources */,
				9094173228C1130F00FE30EA /* LibraryView.swift in Sources */,
				9088F5312829A3A2001B7D39 /* AddBookView.swift in Sources */,
				9088F5362829A63F001B7D39 /* CameraViewModel.swift in Sources */,
				901FD3992829D10B006B48EC /* CoreDataManager.swift in Sources */,
				9088F52F2829A391001B7D39 /* HomeView.swift in Sources */,
				9094172C28C0230700FE30EA /* CoreDataModel.xcdatamodeld in Sources */,
				901FD39F2829FBD8006B48EC /* PhotoViewModel.swift in Sources */,
				9094173028C10D2000FE30EA /* PlaybackView.swift in Sources */,
			);
			runOnlyForDeploymentPostprocessing = 0;
		};
		9088F50B2829A0C3001B7D39 /* Sources */ = {
			isa = PBXSourcesBuildPhase;
			buildActionMask = 2147483647;
			files = (
				9088F5142829A0C3001B7D39 /* LiterateTests.swift in Sources */,
			);
			runOnlyForDeploymentPostprocessing = 0;
		};
		9088F5152829A0C3001B7D39 /* Sources */ = {
			isa = PBXSourcesBuildPhase;
			buildActionMask = 2147483647;
			files = (
				9088F5202829A0C3001B7D39 /* LiterateUITestsLaunchTests.swift in Sources */,
				9088F51E2829A0C3001B7D39 /* LiterateUITests.swift in Sources */,
			);
			runOnlyForDeploymentPostprocessing = 0;
		};
/* End PBXSourcesBuildPhase section */

/* Begin PBXTargetDependency section */
		9088F5112829A0C3001B7D39 /* PBXTargetDependency */ = {
			isa = PBXTargetDependency;
			target = 9088F4FE2829A0BD001B7D39 /* Literate */;
			targetProxy = 9088F5102829A0C3001B7D39 /* PBXContainerItemProxy */;
		};
		9088F51B2829A0C3001B7D39 /* PBXTargetDependency */ = {
			isa = PBXTargetDependency;
			target = 9088F4FE2829A0BD001B7D39 /* Literate */;
			targetProxy = 9088F51A2829A0C3001B7D39 /* PBXContainerItemProxy */;
		};
/* End PBXTargetDependency section */

/* Begin XCBuildConfiguration section */
		9088F5212829A0C3001B7D39 /* Debug */ = {
			isa = XCBuildConfiguration;
			buildSettings = {
				ALWAYS_SEARCH_USER_PATHS = NO;
				CLANG_ANALYZER_NONNULL = YES;
				CLANG_ANALYZER_NUMBER_OBJECT_CONVERSION = YES_AGGRESSIVE;
				CLANG_CXX_LANGUAGE_STANDARD = "gnu++17";
				CLANG_ENABLE_MODULES = YES;
				CLANG_ENABLE_OBJC_ARC = YES;
				CLANG_ENABLE_OBJC_WEAK = YES;
				CLANG_WARN_BLOCK_CAPTURE_AUTORELEASING = YES;
				CLANG_WARN_BOOL_CONVERSION = YES;
				CLANG_WARN_COMMA = YES;
				CLANG_WARN_CONSTANT_CONVERSION = YES;
				CLANG_WARN_DEPRECATED_OBJC_IMPLEMENTATIONS = YES;
				CLANG_WARN_DIRECT_OBJC_ISA_USAGE = YES_ERROR;
				CLANG_WARN_DOCUMENTATION_COMMENTS = YES;
				CLANG_WARN_EMPTY_BODY = YES;
				CLANG_WARN_ENUM_CONVERSION = YES;
				CLANG_WARN_INFINITE_RECURSION = YES;
				CLANG_WARN_INT_CONVERSION = YES;
				CLANG_WARN_NON_LITERAL_NULL_CONVERSION = YES;
				CLANG_WARN_OBJC_IMPLICIT_RETAIN_SELF = YES;
				CLANG_WARN_OBJC_LITERAL_CONVERSION = YES;
				CLANG_WARN_OBJC_ROOT_CLASS = YES_ERROR;
				CLANG_WARN_QUOTED_INCLUDE_IN_FRAMEWORK_HEADER = YES;
				CLANG_WARN_RANGE_LOOP_ANALYSIS = YES;
				CLANG_WARN_STRICT_PROTOTYPES = YES;
				CLANG_WARN_SUSPICIOUS_MOVE = YES;
				CLANG_WARN_UNGUARDED_AVAILABILITY = YES_AGGRESSIVE;
				CLANG_WARN_UNREACHABLE_CODE = YES;
				CLANG_WARN__DUPLICATE_METHOD_MATCH = YES;
				COPY_PHASE_STRIP = NO;
				DEBUG_INFORMATION_FORMAT = dwarf;
				ENABLE_STRICT_OBJC_MSGSEND = YES;
				ENABLE_TESTABILITY = YES;
				GCC_C_LANGUAGE_STANDARD = gnu11;
				GCC_DYNAMIC_NO_PIC = NO;
				GCC_NO_COMMON_BLOCKS = YES;
				GCC_OPTIMIZATION_LEVEL = 0;
				GCC_PREPROCESSOR_DEFINITIONS = (
					"DEBUG=1",
					"$(inherited)",
				);
				GCC_WARN_64_TO_32_BIT_CONVERSION = YES;
				GCC_WARN_ABOUT_RETURN_TYPE = YES_ERROR;
				GCC_WARN_UNDECLARED_SELECTOR = YES;
				GCC_WARN_UNINITIALIZED_AUTOS = YES_AGGRESSIVE;
				GCC_WARN_UNUSED_FUNCTION = YES;
				GCC_WARN_UNUSED_VARIABLE = YES;
				IPHONEOS_DEPLOYMENT_TARGET = 15.4;
				MTL_ENABLE_DEBUG_INFO = INCLUDE_SOURCE;
				MTL_FAST_MATH = YES;
				ONLY_ACTIVE_ARCH = YES;
				SDKROOT = iphoneos;
				SWIFT_ACTIVE_COMPILATION_CONDITIONS = DEBUG;
				SWIFT_OPTIMIZATION_LEVEL = "-Onone";
			};
			name = Debug;
		};
		9088F5222829A0C3001B7D39 /* Release */ = {
			isa = XCBuildConfiguration;
			buildSettings = {
				ALWAYS_SEARCH_USER_PATHS = NO;
				CLANG_ANALYZER_NONNULL = YES;
				CLANG_ANALYZER_NUMBER_OBJECT_CONVERSION = YES_AGGRESSIVE;
				CLANG_CXX_LANGUAGE_STANDARD = "gnu++17";
				CLANG_ENABLE_MODULES = YES;
				CLANG_ENABLE_OBJC_ARC = YES;
				CLANG_ENABLE_OBJC_WEAK = YES;
				CLANG_WARN_BLOCK_CAPTURE_AUTORELEASING = YES;
				CLANG_WARN_BOOL_CONVERSION = YES;
				CLANG_WARN_COMMA = YES;
				CLANG_WARN_CONSTANT_CONVERSION = YES;
				CLANG_WARN_DEPRECATED_OBJC_IMPLEMENTATIONS = YES;
				CLANG_WARN_DIRECT_OBJC_ISA_USAGE = YES_ERROR;
				CLANG_WARN_DOCUMENTATION_COMMENTS = YES;
				CLANG_WARN_EMPTY_BODY = YES;
				CLANG_WARN_ENUM_CONVERSION = YES;
				CLANG_WARN_INFINITE_RECURSION = YES;
				CLANG_WARN_INT_CONVERSION = YES;
				CLANG_WARN_NON_LITERAL_NULL_CONVERSION = YES;
				CLANG_WARN_OBJC_IMPLICIT_RETAIN_SELF = YES;
				CLANG_WARN_OBJC_LITERAL_CONVERSION = YES;
				CLANG_WARN_OBJC_ROOT_CLASS = YES_ERROR;
				CLANG_WARN_QUOTED_INCLUDE_IN_FRAMEWORK_HEADER = YES;
				CLANG_WARN_RANGE_LOOP_ANALYSIS = YES;
				CLANG_WARN_STRICT_PROTOTYPES = YES;
				CLANG_WARN_SUSPICIOUS_MOVE = YES;
				CLANG_WARN_UNGUARDED_AVAILABILITY = YES_AGGRESSIVE;
				CLANG_WARN_UNREACHABLE_CODE = YES;
				CLANG_WARN__DUPLICATE_METHOD_MATCH = YES;
				COPY_PHASE_STRIP = NO;
				DEBUG_INFORMATION_FORMAT = "dwarf-with-dsym";
				ENABLE_NS_ASSERTIONS = NO;
				ENABLE_STRICT_OBJC_MSGSEND = YES;
				GCC_C_LANGUAGE_STANDARD = gnu11;
				GCC_NO_COMMON_BLOCKS = YES;
				GCC_WARN_64_TO_32_BIT_CONVERSION = YES;
				GCC_WARN_ABOUT_RETURN_TYPE = YES_ERROR;
				GCC_WARN_UNDECLARED_SELECTOR = YES;
				GCC_WARN_UNINITIALIZED_AUTOS = YES_AGGRESSIVE;
				GCC_WARN_UNUSED_FUNCTION = YES;
				GCC_WARN_UNUSED_VARIABLE = YES;
				IPHONEOS_DEPLOYMENT_TARGET = 15.4;
				MTL_ENABLE_DEBUG_INFO = NO;
				MTL_FAST_MATH = YES;
				SDKROOT = iphoneos;
				SWIFT_COMPILATION_MODE = wholemodule;
				SWIFT_OPTIMIZATION_LEVEL = "-O";
				VALIDATE_PRODUCT = YES;
			};
			name = Release;
		};
		9088F5242829A0C3001B7D39 /* Debug */ = {
			isa = XCBuildConfiguration;
			buildSettings = {
				ASSETCATALOG_COMPILER_APPICON_NAME = AppIcon;
				ASSETCATALOG_COMPILER_GLOBAL_ACCENT_COLOR_NAME = AccentColor;
				CODE_SIGN_STYLE = Automatic;
				CURRENT_PROJECT_VERSION = 1;
				DEVELOPMENT_ASSET_PATHS = "\"Literate/Preview Content\"";
				DEVELOPMENT_TEAM = 6USAV3XQ55;
				ENABLE_PREVIEWS = YES;
				GENERATE_INFOPLIST_FILE = YES;
				INFOPLIST_FILE = Literate/Info.plist;
				INFOPLIST_KEY_UIApplicationSceneManifest_Generation = YES;
				INFOPLIST_KEY_UIApplicationSupportsIndirectInputEvents = YES;
				INFOPLIST_KEY_UILaunchScreen_Generation = YES;
				INFOPLIST_KEY_UISupportedInterfaceOrientations_iPad = "UIInterfaceOrientationPortrait UIInterfaceOrientationPortraitUpsideDown UIInterfaceOrientationLandscapeLeft UIInterfaceOrientationLandscapeRight";
				INFOPLIST_KEY_UISupportedInterfaceOrientations_iPhone = "UIInterfaceOrientationPortrait UIInterfaceOrientationLandscapeLeft UIInterfaceOrientationLandscapeRight";
				LD_RUNPATH_SEARCH_PATHS = (
					"$(inherited)",
					"@executable_path/Frameworks",
				);
				MARKETING_VERSION = 1.0;
				PRODUCT_BUNDLE_IDENTIFIER = com.nathanteuber.Literate;
				PRODUCT_NAME = "$(TARGET_NAME)";
				SWIFT_EMIT_LOC_STRINGS = YES;
				SWIFT_VERSION = 5.0;
				TARGETED_DEVICE_FAMILY = "1,2";
			};
			name = Debug;
		};
		9088F5252829A0C3001B7D39 /* Release */ = {
			isa = XCBuildConfiguration;
			buildSettings = {
				ASSETCATALOG_COMPILER_APPICON_NAME = AppIcon;
				ASSETCATALOG_COMPILER_GLOBAL_ACCENT_COLOR_NAME = AccentColor;
				CODE_SIGN_STYLE = Automatic;
				CURRENT_PROJECT_VERSION = 1;
				DEVELOPMENT_ASSET_PATHS = "\"Literate/Preview Content\"";
				DEVELOPMENT_TEAM = 6USAV3XQ55;
				ENABLE_PREVIEWS = YES;
				GENERATE_INFOPLIST_FILE = YES;
				INFOPLIST_FILE = Literate/Info.plist;
				INFOPLIST_KEY_UIApplicationSceneManifest_Generation = YES;
				INFOPLIST_KEY_UIApplicationSupportsIndirectInputEvents = YES;
				INFOPLIST_KEY_UILaunchScreen_Generation = YES;
				INFOPLIST_KEY_UISupportedInterfaceOrientations_iPad = "UIInterfaceOrientationPortrait UIInterfaceOrientationPortraitUpsideDown UIInterfaceOrientationLandscapeLeft UIInterfaceOrientationLandscapeRight";
				INFOPLIST_KEY_UISupportedInterfaceOrientations_iPhone = "UIInterfaceOrientationPortrait UIInterfaceOrientationLandscapeLeft UIInterfaceOrientationLandscapeRight";
				LD_RUNPATH_SEARCH_PATHS = (
					"$(inherited)",
					"@executable_path/Frameworks",
				);
				MARKETING_VERSION = 1.0;
				PRODUCT_BUNDLE_IDENTIFIER = com.nathanteuber.Literate;
				PRODUCT_NAME = "$(TARGET_NAME)";
				SWIFT_EMIT_LOC_STRINGS = YES;
				SWIFT_VERSION = 5.0;
				TARGETED_DEVICE_FAMILY = "1,2";
			};
			name = Release;
		};
		9088F5272829A0C3001B7D39 /* Debug */ = {
			isa = XCBuildConfiguration;
			buildSettings = {
				ALWAYS_EMBED_SWIFT_STANDARD_LIBRARIES = YES;
				BUNDLE_LOADER = "$(TEST_HOST)";
				CODE_SIGN_STYLE = Automatic;
				CURRENT_PROJECT_VERSION = 1;
				DEVELOPMENT_TEAM = 6USAV3XQ55;
				GENERATE_INFOPLIST_FILE = YES;
				IPHONEOS_DEPLOYMENT_TARGET = 15.4;
				MARKETING_VERSION = 1.0;
				PRODUCT_BUNDLE_IDENTIFIER = com.nathanteuber.LiterateTests;
				PRODUCT_NAME = "$(TARGET_NAME)";
				SWIFT_EMIT_LOC_STRINGS = NO;
				SWIFT_VERSION = 5.0;
				TARGETED_DEVICE_FAMILY = "1,2";
				TEST_HOST = "$(BUILT_PRODUCTS_DIR)/Literate.app/Literate";
			};
			name = Debug;
		};
		9088F5282829A0C3001B7D39 /* Release */ = {
			isa = XCBuildConfiguration;
			buildSettings = {
				ALWAYS_EMBED_SWIFT_STANDARD_LIBRARIES = YES;
				BUNDLE_LOADER = "$(TEST_HOST)";
				CODE_SIGN_STYLE = Automatic;
				CURRENT_PROJECT_VERSION = 1;
				DEVELOPMENT_TEAM = 6USAV3XQ55;
				GENERATE_INFOPLIST_FILE = YES;
				IPHONEOS_DEPLOYMENT_TARGET = 15.4;
				MARKETING_VERSION = 1.0;
				PRODUCT_BUNDLE_IDENTIFIER = com.nathanteuber.LiterateTests;
				PRODUCT_NAME = "$(TARGET_NAME)";
				SWIFT_EMIT_LOC_STRINGS = NO;
				SWIFT_VERSION = 5.0;
				TARGETED_DEVICE_FAMILY = "1,2";
				TEST_HOST = "$(BUILT_PRODUCTS_DIR)/Literate.app/Literate";
			};
			name = Release;
		};
		9088F52A2829A0C3001B7D39 /* Debug */ = {
			isa = XCBuildConfiguration;
			buildSettings = {
				ALWAYS_EMBED_SWIFT_STANDARD_LIBRARIES = YES;
				CODE_SIGN_STYLE = Automatic;
				CURRENT_PROJECT_VERSION = 1;
				DEVELOPMENT_TEAM = 6USAV3XQ55;
				GENERATE_INFOPLIST_FILE = YES;
				MARKETING_VERSION = 1.0;
				PRODUCT_BUNDLE_IDENTIFIER = com.nathanteuber.LiterateUITests;
				PRODUCT_NAME = "$(TARGET_NAME)";
				SWIFT_EMIT_LOC_STRINGS = NO;
				SWIFT_VERSION = 5.0;
				TARGETED_DEVICE_FAMILY = "1,2";
				TEST_TARGET_NAME = Literate;
			};
			name = Debug;
		};
		9088F52B2829A0C3001B7D39 /* Release */ = {
			isa = XCBuildConfiguration;
			buildSettings = {
				ALWAYS_EMBED_SWIFT_STANDARD_LIBRARIES = YES;
				CODE_SIGN_STYLE = Automatic;
				CURRENT_PROJECT_VERSION = 1;
				DEVELOPMENT_TEAM = 6USAV3XQ55;
				GENERATE_INFOPLIST_FILE = YES;
				MARKETING_VERSION = 1.0;
				PRODUCT_BUNDLE_IDENTIFIER = com.nathanteuber.LiterateUITests;
				PRODUCT_NAME = "$(TARGET_NAME)";
				SWIFT_EMIT_LOC_STRINGS = NO;
				SWIFT_VERSION = 5.0;
				TARGETED_DEVICE_FAMILY = "1,2";
				TEST_TARGET_NAME = Literate;
			};
			name = Release;
		};
/* End XCBuildConfiguration section */

/* Begin XCConfigurationList section */
		9088F4FA2829A0BC001B7D39 /* Build configuration list for PBXProject "Literate" */ = {
			isa = XCConfigurationList;
			buildConfigurations = (
				9088F5212829A0C3001B7D39 /* Debug */,
				9088F5222829A0C3001B7D39 /* Release */,
			);
			defaultConfigurationIsVisible = 0;
			defaultConfigurationName = Release;
		};
		9088F5232829A0C3001B7D39 /* Build configuration list for PBXNativeTarget "Literate" */ = {
			isa = XCConfigurationList;
			buildConfigurations = (
				9088F5242829A0C3001B7D39 /* Debug */,
				9088F5252829A0C3001B7D39 /* Release */,
			);
			defaultConfigurationIsVisible = 0;
			defaultConfigurationName = Release;
		};
		9088F5262829A0C3001B7D39 /* Build configuration list for PBXNativeTarget "LiterateTests" */ = {
			isa = XCConfigurationList;
			buildConfigurations = (
				9088F5272829A0C3001B7D39 /* Debug */,
				9088F5282829A0C3001B7D39 /* Release */,
			);
			defaultConfigurationIsVisible = 0;
			defaultConfigurationName = Release;
		};
		9088F5292829A0C3001B7D39 /* Build configuration list for PBXNativeTarget "LiterateUITests" */ = {
			isa = XCConfigurationList;
			buildConfigurations = (
				9088F52A2829A0C3001B7D39 /* Debug */,
				9088F52B2829A0C3001B7D39 /* Release */,
			);
			defaultConfigurationIsVisible = 0;
			defaultConfigurationName = Release;
		};
/* End XCConfigurationList section */

/* Begin XCVersionGroup section */
		9094172A28C0230700FE30EA /* CoreDataModel.xcdatamodeld */ = {
			isa = XCVersionGroup;
			children = (
				9094172B28C0230700FE30EA /* CoreDataModel.xcdatamodel */,
			);
			currentVersion = 9094172B28C0230700FE30EA /* CoreDataModel.xcdatamodel */;
			path = CoreDataModel.xcdatamodeld;
			sourceTree = "<group>";
			versionGroupType = wrapper.xcdatamodel;
		};
/* End XCVersionGroup section */
	};
	rootObject = 9088F4F72829A0BC001B7D39 /* Project object */;
}
