// !$*UTF8*$!
{
	archiveVersion = 1;
	classes = {
	};
	objectVersion = 55;
	objects = {

/* Begin PBXBuildFile section */
		9088F5032829A0BD001B7D39 /* LiterateApp.swift in Sources */ = {isa = PBXBuildFile; fileRef = 9088F5022829A0BD001B7D39 /* LiterateApp.swift */; };
		9088F5052829A0BD001B7D39 /* ContentView.swift in Sources */ = {isa = PBXBuildFile; fileRef = 9088F5042829A0BD001B7D39 /* ContentView.swift */; };
		9088F5072829A0C2001B7D39 /* Assets.xcassets in Resources */ = {isa = PBXBuildFile; fileRef = 9088F5062829A0C2001B7D39 /* Assets.xcassets */; };
		9088F50A2829A0C2001B7D39 /* Preview Assets.xcassets in Resources */ = {isa = PBXBuildFile; fileRef = 9088F5092829A0C2001B7D39 /* Preview Assets.xcassets */; };
		9088F5142829A0C3001B7D39 /* LiterateTests.swift in Sources */ = {isa = PBXBuildFile; fileRef = 9088F5132829A0C3001B7D39 /* LiterateTests.swift */; };
		9088F51E2829A0C3001B7D39 /* LiterateUITests.swift in Sources */ = {isa = PBXBuildFile; fileRef = 9088F51D2829A0C3001B7D39 /* LiterateUITests.swift */; };
		9088F5202829A0C3001B7D39 /* LiterateUITestsLaunchTests.swift in Sources */ = {isa = PBXBuildFile; fileRef = 9088F51F2829A0C3001B7D39 /* LiterateUITestsLaunchTests.swift */; };
/* End PBXBuildFile section */

/* Begin PBXContainerItemProxy section */
		9088F5102829A0C3001B7D39 /* PBXContainerItemProxy */ = {
			isa = PBXContainerItemProxy;
			containerPortal = 9088F4F72829A0BC001B7D39 /* Project object */;
			proxyType = 1;
			remoteGlobalIDString = 9088F4FE2829A0BD001B7D39;
			remoteInfo = Literate;
		};
		9088F51A2829A0C3001B7D39 /* PBXContainerItemProxy */ = {
			isa = PBXContainerItemProxy;
			containerPortal = 9088F4F72829A0BC001B7D39 /* Project object */;
			proxyType = 1;
			remoteGlobalIDString = 9088F4FE2829A0BD001B7D39;
			remoteInfo = Literate;
		};
/* End PBXContainerItemProxy section */

/* Begin PBXFileReference section */
		9088F4FF2829A0BD001B7D39 /* Literate.app */ = {isa = PBXFileReference; explicitFileType = wrapper.application; includeInIndex = 0; path = Literate.app; sourceTree = BUILT_PRODUCTS_DIR; };
		9088F5022829A0BD001B7D39 /* LiterateApp.swift */ = {isa = PBXFileReference; lastKnownFileType = sourcecode.swift; path = LiterateApp.swift; sourceTree = "<group>"; };
		9088F5042829A0BD001B7D39 /* ContentView.swift */ = {isa = PBXFileReference; lastKnownFileType = sourcecode.swift; path = ContentView.swift; sourceTree = "<group>"; };
		9088F5062829A0C2001B7D39 /* Assets.xcassets */ = {isa = PBXFileReference; lastKnownFileType = folder.assetcatalog; path = Assets.xcassets; sourceTree = "<group>"; };
		9088F5092829A0C2001B7D39 /* Preview Assets.xcassets */ = {isa = PBXFileReference; lastKnownFileType = folder.assetcatalog; path = "Preview Assets.xcassets"; sourceTree = "<group>"; };
		9088F50F2829A0C3001B7D39 /* LiterateTests.xctest */ = {isa = PBXFileReference; explicitFileType = wrapper.cfbundle; includeInIndex = 0; path = LiterateTests.xctest; sourceTree = BUILT_PRODUCTS_DIR; };
		9088F5132829A0C3001B7D39 /* LiterateTests.swift */ = {isa = PBXFileReference; lastKnownFileType = sourcecode.swift; path = LiterateTests.swift; sourceTree = "<group>"; };
		9088F5192829A0C3001B7D39 /* LiterateUITests.xctest */ = {isa = PBXFileReference; explicitFileType = wrapper.cfbundle; includeInIndex = 0; path = LiterateUITests.xctest; sourceTree = BUILT_PRODUCTS_DIR; };
		9088F51D2829A0C3001B7D39 /* LiterateUITests.swift */ = {isa = PBXFileReference; lastKnownFileType = sourcecode.swift; path = LiterateUITests.swift; sourceTree = "<group>"; };
		9088F51F2829A0C3001B7D39 /* LiterateUITestsLaunchTests.swift */ = {isa = PBXFileReference; lastKnownFileType = sourcecode.swift; path = LiterateUITestsLaunchTests.swift; sourceTree = "<group>"; };
/* End PBXFileReference section */

/* Begin PBXFrameworksBuildPhase section */
		9088F4FC2829A0BD001B7D39 /* Frameworks */ = {
			isa = PBXFrameworksBuildPhase;
			buildActionMask = 2147483647;
			files = (
			);
			runOnlyForDeploymentPostprocessing = 0;
		};
		9088F50C2829A0C3001B7D39 /* Frameworks */ = {
			isa = PBXFrameworksBuildPhase;
			buildActionMask = 2147483647;
			files = (
			);
			runOnlyForDeploymentPostprocessing = 0;
		};
		9088F5162829A0C3001B7D39 /* Frameworks */ = {
			isa = PBXFrameworksBuildPhase;
			buildActionMask = 2147483647;
			files = (
			);
			runOnlyForDeploymentPostprocessing = 0;
		};
/* End PBXFrameworksBuildPhase section */

/* Begin PBXGroup section */
		9088F4F62829A0BC001B7D39 = {
			isa = PBXGroup;
			children = (
				9088F5012829A0BD001B7D39 /* Literate */,
				9088F5122829A0C3001B7D39 /* LiterateTests */,
				9088F51C2829A0C3001B7D39 /* LiterateUITests */,
				9088F5002829A0BD001B7D39 /* Products */,
			);
			sourceTree = "<group>";
		};
		9088F5002829A0BD001B7D39 /* Products */ = {
			isa = PBXGroup;
			children = (
				9088F4FF2829A0BD001B7D39 /* Literate.app */,
				9088F50F2829A0C3001B7D39 /* LiterateTests.xctest */,
				9088F5192829A0C3001B7D39 /* LiterateUITests.xctest */,
			);
			name = Products;
			sourceTree = "<group>";
		};
		9088F5012829A0BD001B7D39 /* Literate */ = {
			isa = PBXGroup;
			children = (
				9088F5022829A0BD001B7D39 /* LiterateApp.swift */,
				9088F5042829A0BD001B7D39 /* ContentView.swift */,
				9088F5062829A0C2001B7D39 /* Assets.xcassets */,
				9088F5082829A0C2001B7D39 /* Preview Content */,
			);
			path = Literate;
			sourceTree = "<group>";
		};
		9088F5082829A0C2001B7D39 /* Preview Content */ = {
			isa = PBXGroup;
			children = (
				9088F5092829A0C2001B7D39 /* Preview Assets.xcassets */,
			);
			path = "Preview Content";
			sourceTree = "<group>";
		};
		9088F5122829A0C3001B7D39 /* LiterateTests */ = {
			isa = PBXGroup;
			children = (
				9088F5132829A0C3001B7D39 /* LiterateTests.swift */,
			);
			path = LiterateTests;
			sourceTree = "<group>";
		};
		9088F51C2829A0C3001B7D39 /* LiterateUITests */ = {
			isa = PBXGroup;
			children = (
				9088F51D2829A0C3001B7D39 /* LiterateUITests.swift */,
				9088F51F2829A0C3001B7D39 /* LiterateUITestsLaunchTests.swift */,
			);
			path = LiterateUITests;
			sourceTree = "<group>";
		};
/* End PBXGroup section */

/* Begin PBXNativeTarget section */
		9088F4FE2829A0BD001B7D39 /* Literate */ = {
			isa = PBXNativeTarget;
			buildConfigurationList = 9088F5232829A0C3001B7D39 /* Build configuration list for PBXNativeTarget "Literate" */;
			buildPhases = (
				9088F4FB2829A0BD001B7D39 /* Sources */,
				9088F4FC2829A0BD001B7D39 /* Frameworks */,
				9088F4FD2829A0BD001B7D39 /* Resources */,
			);
			buildRules = (
			);
			dependencies = (
			);
			name = Literate;
			productName = Literate;
			productReference = 9088F4FF2829A0BD001B7D39 /* Literate.app */;
			productType = "com.apple.product-type.application";
		};
		9088F50E2829A0C3001B7D39 /* LiterateTests */ = {
			isa = PBXNativeTarget;
			buildConfigurationList = 9088F5262829A0C3001B7D39 /* Build configuration list for PBXNativeTarget "LiterateTests" */;
			buildPhases = (
				9088F50B2829A0C3001B7D39 /* Sources */,
				9088F50C2829A0C3001B7D39 /* Frameworks */,
				9088F50D2829A0C3001B7D39 /* Resources */,
			);
			buildRules = (
			);
			dependencies = (
				9088F5112829A0C3001B7D39 /* PBXTargetDependency */,
			);
			name = LiterateTests;
			productName = LiterateTests;
			productReference = 9088F50F2829A0C3001B7D39 /* LiterateTests.xctest */;
			productType = "com.apple.product-type.bundle.unit-test";
		};
		9088F5182829A0C3001B7D39 /* LiterateUITests */ = {
			isa = PBXNativeTarget;
			buildConfigurationList = 9088F5292829A0C3001B7D39 /* Build configuration list for PBXNativeTarget "LiterateUITests" */;
			buildPhases = (
				9088F5152829A0C3001B7D39 /* Sources */,
				9088F5162829A0C3001B7D39 /* Frameworks */,
				9088F5172829A0C3001B7D39 /* Resources */,
			);
			buildRules = (
			);
			dependencies = (
				9088F51B2829A0C3001B7D39 /* PBXTargetDependency */,
			);
			name = LiterateUITests;
			productName = LiterateUITests;
			productReference = 9088F5192829A0C3001B7D39 /* LiterateUITests.xctest */;
			productType = "com.apple.product-type.bundle.ui-testing";
		};
/* End PBXNativeTarget section */

/* Begin PBXProject section */
		9088F4F72829A0BC001B7D39 /* Project object */ = {
			isa = PBXProject;
			attributes = {
				BuildIndependentTargetsInParallel = 1;
				LastSwiftUpdateCheck = 1330;
				LastUpgradeCheck = 1330;
				TargetAttributes = {
					9088F4FE2829A0BD001B7D39 = {
						CreatedOnToolsVersion = 13.3.1;
					};
					9088F50E2829A0C3001B7D39 = {
						CreatedOnToolsVersion = 13.3.1;
						TestTargetID = 9088F4FE2829A0BD001B7D39;
					};
					9088F5182829A0C3001B7D39 = {
						CreatedOnToolsVersion = 13.3.1;
						TestTargetID = 9088F4FE2829A0BD001B7D39;
					};
				};
			};
			buildConfigurationList = 9088F4FA2829A0BC001B7D39 /* Build configuration list for PBXProject "Literate" */;
			compatibilityVersion = "Xcode 13.0";
			developmentRegion = en;
			hasScannedForEncodings = 0;
			knownRegions = (
				en,
				Base,
			);
			mainGroup = 9088F4F62829A0BC001B7D39;
			productRefGroup = 9088F5002829A0BD001B7D39 /* Products */;
			projectDirPath = "";
			projectRoot = "";
			targets = (
				9088F4FE2829A0BD001B7D39 /* Literate */,
				9088F50E2829A0C3001B7D39 /* LiterateTests */,
				9088F5182829A0C3001B7D39 /* LiterateUITests */,
			);
		};
/* End PBXProject section */

/* Begin PBXResourcesBuildPhase section */
		9088F4FD2829A0BD001B7D39 /* Resources */ = {
			isa = PBXResourcesBuildPhase;
			buildActionMask = 2147483647;
			files = (
				9088F50A2829A0C2001B7D39 /* Preview Assets.xcassets in Resources */,
				9088F5072829A0C2001B7D39 /* Assets.xcassets in Resources */,
			);
			runOnlyForDeploymentPostprocessing = 0;
		};
		9088F50D2829A0C3001B7D39 /* Resources */ = {
			isa = PBXResourcesBuildPhase;
			buildActionMask = 2147483647;
			files = (
			);
			runOnlyForDeploymentPostprocessing = 0;
		};
		9088F5172829A0C3001B7D39 /* Resources */ = {
			isa = PBXResourcesBuildPhase;
			buildActionMask = 2147483647;
			files = (
			);
			runOnlyForDeploymentPostprocessing = 0;
		};
/* End PBXResourcesBuildPhase section */

/* Begin PBXSourcesBuildPhase section */
		9088F4FB2829A0BD001B7D39 /* Sources */ = {
			isa = PBXSourcesBuildPhase;
			buildActionMask = 2147483647;
			files = (
				9088F5052829A0BD001B7D39 /* ContentView.swift in Sources */,
				9088F5032829A0BD001B7D39 /* LiterateApp.swift in Sources */,
			);
			runOnlyForDeploymentPostprocessing = 0;
		};
		9088F50B2829A0C3001B7D39 /* Sources */ = {
			isa = PBXSourcesBuildPhase;
			buildActionMask = 2147483647;
			files = (
				9088F5142829A0C3001B7D39 /* LiterateTests.swift in Sources */,
			);
			runOnlyForDeploymentPostprocessing = 0;
		};
		9088F5152829A0C3001B7D39 /* Sources */ = {
			isa = PBXSourcesBuildPhase;
			buildActionMask = 2147483647;
			files = (
				9088F5202829A0C3001B7D39 /* LiterateUITestsLaunchTests.swift in Sources */,
				9088F51E2829A0C3001B7D39 /* LiterateUITests.swift in Sources */,
			);
			runOnlyForDeploymentPostprocessing = 0;
		};
/* End PBXSourcesBuildPhase section */

/* Begin PBXTargetDependency section */
		9088F5112829A0C3001B7D39 /* PBXTargetDependency */ = {
			isa = PBXTargetDependency;
			target = 9088F4FE2829A0BD001B7D39 /* Literate */;
			targetProxy = 9088F5102829A0C3001B7D39 /* PBXContainerItemProxy */;
		};
		9088F51B2829A0C3001B7D39 /* PBXTargetDependency */ = {
			isa = PBXTargetDependency;
			target = 9088F4FE2829A0BD001B7D39 /* Literate */;
			targetProxy = 9088F51A2829A0C3001B7D39 /* PBXContainerItemProxy */;
		};
/* End PBXTargetDependency section */

/* Begin XCBuildConfiguration section */
		9088F5212829A0C3001B7D39 /* Debug */ = {
			isa = XCBuildConfiguration;
			buildSettings = {
				ALWAYS_SEARCH_USER_PATHS = NO;
				CLANG_ANALYZER_NONNULL = YES;
				CLANG_ANALYZER_NUMBER_OBJECT_CONVERSION = YES_AGGRESSIVE;
				CLANG_CXX_LANGUAGE_STANDARD = "gnu++17";
				CLANG_ENABLE_MODULES = YES;
				CLANG_ENABLE_OBJC_ARC = YES;
				CLANG_ENABLE_OBJC_WEAK = YES;
				CLANG_WARN_BLOCK_CAPTURE_AUTORELEASING = YES;
				CLANG_WARN_BOOL_CONVERSION = YES;
				CLANG_WARN_COMMA = YES;
				CLANG_WARN_CONSTANT_CONVERSION = YES;
				CLANG_WARN_DEPRECATED_OBJC_IMPLEMENTATIONS = YES;
				CLANG_WARN_DIRECT_OBJC_ISA_USAGE = YES_ERROR;
				CLANG_WARN_DOCUMENTATION_COMMENTS = YES;
				CLANG_WARN_EMPTY_BODY = YES;
				CLANG_WARN_ENUM_CONVERSION = YES;
				CLANG_WARN_INFINITE_RECURSION = YES;
				CLANG_WARN_INT_CONVERSION = YES;
				CLANG_WARN_NON_LITERAL_NULL_CONVERSION = YES;
				CLANG_WARN_OBJC_IMPLICIT_RETAIN_SELF = YES;
				CLANG_WARN_OBJC_LITERAL_CONVERSION = YES;
				CLANG_WARN_OBJC_ROOT_CLASS = YES_ERROR;
				CLANG_WARN_QUOTED_INCLUDE_IN_FRAMEWORK_HEADER = YES;
				CLANG_WARN_RANGE_LOOP_ANALYSIS = YES;
				CLANG_WARN_STRICT_PROTOTYPES = YES;
				CLANG_WARN_SUSPICIOUS_MOVE = YES;
				CLANG_WARN_UNGUARDED_AVAILABILITY = YES_AGGRESSIVE;
				CLANG_WARN_UNREACHABLE_CODE = YES;
				CLANG_WARN__DUPLICATE_METHOD_MATCH = YES;
				COPY_PHASE_STRIP = NO;
				DEBUG_INFORMATION_FORMAT = dwarf;
				ENABLE_STRICT_OBJC_MSGSEND = YES;
				ENABLE_TESTABILITY = YES;
				GCC_C_LANGUAGE_STANDARD = gnu11;
				GCC_DYNAMIC_NO_PIC = NO;
				GCC_NO_COMMON_BLOCKS = YES;
				GCC_OPTIMIZATION_LEVEL = 0;
				GCC_PREPROCESSOR_DEFINITIONS = (
					"DEBUG=1",
					"$(inherited)",
				);
				GCC_WARN_64_TO_32_BIT_CONVERSION = YES;
				GCC_WARN_ABOUT_RETURN_TYPE = YES_ERROR;
				GCC_WARN_UNDECLARED_SELECTOR = YES;
				GCC_WARN_UNINITIALIZED_AUTOS = YES_AGGRESSIVE;
				GCC_WARN_UNUSED_FUNCTION = YES;
				GCC_WARN_UNUSED_VARIABLE = YES;
				IPHONEOS_DEPLOYMENT_TARGET = 15.4;
				MTL_ENABLE_DEBUG_INFO = INCLUDE_SOURCE;
				MTL_FAST_MATH = YES;
				ONLY_ACTIVE_ARCH = YES;
				SDKROOT = iphoneos;
				SWIFT_ACTIVE_COMPILATION_CONDITIONS = DEBUG;
				SWIFT_OPTIMIZATION_LEVEL = "-Onone";
			};
			name = Debug;
		};
		9088F5222829A0C3001B7D39 /* Release */ = {
			isa = XCBuildConfiguration;
			buildSettings = {
				ALWAYS_SEARCH_USER_PATHS = NO;
				CLANG_ANALYZER_NONNULL = YES;
				CLANG_ANALYZER_NUMBER_OBJECT_CONVERSION = YES_AGGRESSIVE;
				CLANG_CXX_LANGUAGE_STANDARD = "gnu++17";
				CLANG_ENABLE_MODULES = YES;
				CLANG_ENABLE_OBJC_ARC = YES;
				CLANG_ENABLE_OBJC_WEAK = YES;
				CLANG_WARN_BLOCK_CAPTURE_AUTORELEASING = YES;
				CLANG_WARN_BOOL_CONVERSION = YES;
				CLANG_WARN_COMMA = YES;
				CLANG_WARN_CONSTANT_CONVERSION = YES;
				CLANG_WARN_DEPRECATED_OBJC_IMPLEMENTATIONS = YES;
				CLANG_WARN_DIRECT_OBJC_ISA_USAGE = YES_ERROR;
				CLANG_WARN_DOCUMENTATION_COMMENTS = YES;
				CLANG_WARN_EMPTY_BODY = YES;
				CLANG_WARN_ENUM_CONVERSION = YES;
				CLANG_WARN_INFINITE_RECURSION = YES;
				CLANG_WARN_INT_CONVERSION = YES;
				CLANG_WARN_NON_LITERAL_NULL_CONVERSION = YES;
				CLANG_WARN_OBJC_IMPLICIT_RETAIN_SELF = YES;
				CLANG_WARN_OBJC_LITERAL_CONVERSION = YES;
				CLANG_WARN_OBJC_ROOT_CLASS = YES_ERROR;
				CLANG_WARN_QUOTED_INCLUDE_IN_FRAMEWORK_HEADER = YES;
				CLANG_WARN_RANGE_LOOP_ANALYSIS = YES;
				CLANG_WARN_STRICT_PROTOTYPES = YES;
				CLANG_WARN_SUSPICIOUS_MOVE = YES;
				CLANG_WARN_UNGUARDED_AVAILABILITY = YES_AGGRESSIVE;
				CLANG_WARN_UNREACHABLE_CODE = YES;
				CLANG_WARN__DUPLICATE_METHOD_MATCH = YES;
				COPY_PHASE_STRIP = NO;
				DEBUG_INFORMATION_FORMAT = "dwarf-with-dsym";
				ENABLE_NS_ASSERTIONS = NO;
				ENABLE_STRICT_OBJC_MSGSEND = YES;
				GCC_C_LANGUAGE_STANDARD = gnu11;
				GCC_NO_COMMON_BLOCKS = YES;
				GCC_WARN_64_TO_32_BIT_CONVERSION = YES;
				GCC_WARN_ABOUT_RETURN_TYPE = YES_ERROR;
				GCC_WARN_UNDECLARED_SELECTOR = YES;
				GCC_WARN_UNINITIALIZED_AUTOS = YES_AGGRESSIVE;
				GCC_WARN_UNUSED_FUNCTION = YES;
				GCC_WARN_UNUSED_VARIABLE = YES;
				IPHONEOS_DEPLOYMENT_TARGET = 15.4;
				MTL_ENABLE_DEBUG_INFO = NO;
				MTL_FAST_MATH = YES;
				SDKROOT = iphoneos;
				SWIFT_COMPILATION_MODE = wholemodule;
				SWIFT_OPTIMIZATION_LEVEL = "-O";
				VALIDATE_PRODUCT = YES;
			};
			name = Release;
		};
		9088F5242829A0C3001B7D39 /* Debug */ = {
			isa = XCBuildConfiguration;
			buildSettings = {
				ASSETCATALOG_COMPILER_APPICON_NAME = AppIcon;
				ASSETCATALOG_COMPILER_GLOBAL_ACCENT_COLOR_NAME = AccentColor;
				CODE_SIGN_STYLE = Automatic;
				CURRENT_PROJECT_VERSION = 1;
				DEVELOPMENT_ASSET_PATHS = "\"Literate/Preview Content\"";
				DEVELOPMENT_TEAM = 6USAV3XQ55;
				ENABLE_PREVIEWS = YES;
				GENERATE_INFOPLIST_FILE = YES;
				INFOPLIST_KEY_UIApplicationSceneManifest_Generation = YES;
				INFOPLIST_KEY_UIApplicationSupportsIndirectInputEvents = YES;
				INFOPLIST_KEY_UILaunchScreen_Generation = YES;
				INFOPLIST_KEY_UISupportedInterfaceOrientations_iPad = "UIInterfaceOrientationPortrait UIInterfaceOrientationPortraitUpsideDown UIInterfaceOrientationLandscapeLeft UIInterfaceOrientationLandscapeRight";
				INFOPLIST_KEY_UISupportedInterfaceOrientations_iPhone = "UIInterfaceOrientationPortrait UIInterfaceOrientationLandscapeLeft UIInterfaceOrientationLandscapeRight";
				LD_RUNPATH_SEARCH_PATHS = (
					"$(inherited)",
					"@executable_path/Frameworks",
				);
				MARKETING_VERSION = 1.0;
				PRODUCT_BUNDLE_IDENTIFIER = com.nathanteuber.Literate;
				PRODUCT_NAME = "$(TARGET_NAME)";
				SWIFT_EMIT_LOC_STRINGS = YES;
				SWIFT_VERSION = 5.0;
				TARGETED_DEVICE_FAMILY = "1,2";
			};
			name = Debug;
		};
		9088F5252829A0C3001B7D39 /* Release */ = {
			isa = XCBuildConfiguration;
			buildSettings = {
				ASSETCATALOG_COMPILER_APPICON_NAME = AppIcon;
				ASSETCATALOG_COMPILER_GLOBAL_ACCENT_COLOR_NAME = AccentColor;
				CODE_SIGN_STYLE = Automatic;
				CURRENT_PROJECT_VERSION = 1;
				DEVELOPMENT_ASSET_PATHS = "\"Literate/Preview Content\"";
				DEVELOPMENT_TEAM = 6USAV3XQ55;
				ENABLE_PREVIEWS = YES;
				GENERATE_INFOPLIST_FILE = YES;
				INFOPLIST_KEY_UIApplicationSceneManifest_Generation = YES;
				INFOPLIST_KEY_UIApplicationSupportsIndirectInputEvents = YES;
				INFOPLIST_KEY_UILaunchScreen_Generation = YES;
				INFOPLIST_KEY_UISupportedInterfaceOrientations_iPad = "UIInterfaceOrientationPortrait UIInterfaceOrientationPortraitUpsideDown UIInterfaceOrientationLandscapeLeft UIInterfaceOrientationLandscapeRight";
				INFOPLIST_KEY_UISupportedInterfaceOrientations_iPhone = "UIInterfaceOrientationPortrait UIInterfaceOrientationLandscapeLeft UIInterfaceOrientationLandscapeRight";
				LD_RUNPATH_SEARCH_PATHS = (
					"$(inherited)",
					"@executable_path/Frameworks",
				);
				MARKETING_VERSION = 1.0;
				PRODUCT_BUNDLE_IDENTIFIER = com.nathanteuber.Literate;
				PRODUCT_NAME = "$(TARGET_NAME)";
				SWIFT_EMIT_LOC_STRINGS = YES;
				SWIFT_VERSION = 5.0;
				TARGETED_DEVICE_FAMILY = "1,2";
			};
			name = Release;
		};
		9088F5272829A0C3001B7D39 /* Debug */ = {
			isa = XCBuildConfiguration;
			buildSettings = {
				ALWAYS_EMBED_SWIFT_STANDARD_LIBRARIES = YES;
				BUNDLE_LOADER = "$(TEST_HOST)";
				CODE_SIGN_STYLE = Automatic;
				CURRENT_PROJECT_VERSION = 1;
				DEVELOPMENT_TEAM = 6USAV3XQ55;
				GENERATE_INFOPLIST_FILE = YES;
				IPHONEOS_DEPLOYMENT_TARGET = 15.4;
				MARKETING_VERSION = 1.0;
				PRODUCT_BUNDLE_IDENTIFIER = com.nathanteuber.LiterateTests;
				PRODUCT_NAME = "$(TARGET_NAME)";
				SWIFT_EMIT_LOC_STRINGS = NO;
				SWIFT_VERSION = 5.0;
				TARGETED_DEVICE_FAMILY = "1,2";
				TEST_HOST = "$(BUILT_PRODUCTS_DIR)/Literate.app/Literate";
			};
			name = Debug;
		};
		9088F5282829A0C3001B7D39 /* Release */ = {
			isa = XCBuildConfiguration;
			buildSettings = {
				ALWAYS_EMBED_SWIFT_STANDARD_LIBRARIES = YES;
				BUNDLE_LOADER = "$(TEST_HOST)";
				CODE_SIGN_STYLE = Automatic;
				CURRENT_PROJECT_VERSION = 1;
				DEVELOPMENT_TEAM = 6USAV3XQ55;
				GENERATE_INFOPLIST_FILE = YES;
				IPHONEOS_DEPLOYMENT_TARGET = 15.4;
				MARKETING_VERSION = 1.0;
				PRODUCT_BUNDLE_IDENTIFIER = com.nathanteuber.LiterateTests;
				PRODUCT_NAME = "$(TARGET_NAME)";
				SWIFT_EMIT_LOC_STRINGS = NO;
				SWIFT_VERSION = 5.0;
				TARGETED_DEVICE_FAMILY = "1,2";
				TEST_HOST = "$(BUILT_PRODUCTS_DIR)/Literate.app/Literate";
			};
			name = Release;
		};
		9088F52A2829A0C3001B7D39 /* Debug */ = {
			isa = XCBuildConfiguration;
			buildSettings = {
				ALWAYS_EMBED_SWIFT_STANDARD_LIBRARIES = YES;
				CODE_SIGN_STYLE = Automatic;
				CURRENT_PROJECT_VERSION = 1;
				DEVELOPMENT_TEAM = 6USAV3XQ55;
				GENERATE_INFOPLIST_FILE = YES;
				MARKETING_VERSION = 1.0;
				PRODUCT_BUNDLE_IDENTIFIER = com.nathanteuber.LiterateUITests;
				PRODUCT_NAME = "$(TARGET_NAME)";
				SWIFT_EMIT_LOC_STRINGS = NO;
				SWIFT_VERSION = 5.0;
				TARGETED_DEVICE_FAMILY = "1,2";
				TEST_TARGET_NAME = Literate;
			};
			name = Debug;
		};
		9088F52B2829A0C3001B7D39 /* Release */ = {
			isa = XCBuildConfiguration;
			buildSettings = {
				ALWAYS_EMBED_SWIFT_STANDARD_LIBRARIES = YES;
				CODE_SIGN_STYLE = Automatic;
				CURRENT_PROJECT_VERSION = 1;
				DEVELOPMENT_TEAM = 6USAV3XQ55;
				GENERATE_INFOPLIST_FILE = YES;
				MARKETING_VERSION = 1.0;
				PRODUCT_BUNDLE_IDENTIFIER = com.nathanteuber.LiterateUITests;
				PRODUCT_NAME = "$(TARGET_NAME)";
				SWIFT_EMIT_LOC_STRINGS = NO;
				SWIFT_VERSION = 5.0;
				TARGETED_DEVICE_FAMILY = "1,2";
				TEST_TARGET_NAME = Literate;
			};
			name = Release;
		};
/* End XCBuildConfiguration section */

/* Begin XCConfigurationList section */
		9088F4FA2829A0BC001B7D39 /* Build configuration list for PBXProject "Literate" */ = {
			isa = XCConfigurationList;
			buildConfigurations = (
				9088F5212829A0C3001B7D39 /* Debug */,
				9088F5222829A0C3001B7D39 /* Release */,
			);
			defaultConfigurationIsVisible = 0;
			defaultConfigurationName = Release;
		};
		9088F5232829A0C3001B7D39 /* Build configuration list for PBXNativeTarget "Literate" */ = {
			isa = XCConfigurationList;
			buildConfigurations = (
				9088F5242829A0C3001B7D39 /* Debug */,
				9088F5252829A0C3001B7D39 /* Release */,
			);
			defaultConfigurationIsVisible = 0;
			defaultConfigurationName = Release;
		};
		9088F5262829A0C3001B7D39 /* Build configuration list for PBXNativeTarget "LiterateTests" */ = {
			isa = XCConfigurationList;
			buildConfigurations = (
				9088F5272829A0C3001B7D39 /* Debug */,
				9088F5282829A0C3001B7D39 /* Release */,
			);
			defaultConfigurationIsVisible = 0;
			defaultConfigurationName = Release;
		};
		9088F5292829A0C3001B7D39 /* Build configuration list for PBXNativeTarget "LiterateUITests" */ = {
			isa = XCConfigurationList;
			buildConfigurations = (
				9088F52A2829A0C3001B7D39 /* Debug */,
				9088F52B2829A0C3001B7D39 /* Release */,
			);
			defaultConfigurationIsVisible = 0;
			defaultConfigurationName = Release;
		};
/* End XCConfigurationList section */
	};
	rootObject = 9088F4F72829A0BC001B7D39 /* Project object */;
}
